
Microsoft Visual Studio Solution File, Format Version 12.00
# Visual Studio Version 17
VisualStudioVersion = 17.7.34202.233
MinimumVisualStudioVersion = 10.0.40219.1
Project("{FAE04EC0-301F-11D3-BF4B-00C04F79EFBC}") = "expensetracker", "expensetracker\expensetracker.csproj", "{E1477D5C-C653-417A-A994-02499B143BDC}"
EndProject
Global
	GlobalSection(SolutionConfigurationPlatforms) = preSolution
		Debug|Any CPU = Debug|Any CPU
		Release|Any CPU = Release|Any CPU
	EndGlobalSection
	GlobalSection(ProjectConfigurationPlatforms) = postSolution
		{E1477D5C-C653-417A-A994-02499B143BDC}.Debug|Any CPU.ActiveCfg = Debug|Any CPU
		{E1477D5C-C653-417A-A994-02499B143BDC}.Debug|Any CPU.Build.0 = Debug|Any CPU
		{E1477D5C-C653-417A-A994-02499B143BDC}.Release|Any CPU.ActiveCfg = Release|Any CPU
		{E1477D5C-C653-417A-A994-02499B143BDC}.Release|Any CPU.Build.0 = Release|Any CPU
	EndGlobalSection
	GlobalSection(SolutionProperties) = preSolution
		HideSolutionNode = FALSE
	EndGlobalSection
	GlobalSection(ExtensibilityGlobals) = postSolution
		SolutionGuid = {D776FAD6-C30D-4799-A725-5344C615CA24}
	EndGlobalSection
EndGlobal
